
Microsoft Visual Studio Solution File, Format Version 12.00
# Visual Studio 14
VisualStudioVersion = 14.0.25420.1
MinimumVisualStudioVersion = 10.0.40219.1
Project("{FAE04EC0-301F-11D3-BF4B-00C04F79EFBC}") = "HelloWorld", "HelloWorld\HelloWorld\HelloWorld.csproj", "{63193FC5-D12D-4406-B2EF-07D3DE4C6F2A}"
EndProject
Project("{FAE04EC0-301F-11D3-BF4B-00C04F79EFBC}") = "HelloWorld.Droid", "HelloWorld\HelloWorld.Droid\HelloWorld.Droid.csproj", "{07264334-6B04-4B4B-B6E5-737535C41F70}"
EndProject
Project("{FAE04EC0-301F-11D3-BF4B-00C04F79EFBC}") = "HelloWorld.iOS", "HelloWorld\HelloWorld.iOS\HelloWorld.iOS.csproj", "{3D28A759-30D8-49B4-B25B-3F0AAF34552E}"
EndProject
Project("{FAE04EC0-301F-11D3-BF4B-00C04F79EFBC}") = "HelloWorld.WinPhone", "HelloWorld\HelloWorld.WinPhone\HelloWorld.WinPhone.csproj", "{4787741E-3551-47B5-AEDF-0E6F4334882C}"
EndProject
Project("{FAE04EC0-301F-11D3-BF4B-00C04F79EFBC}") = "HelloWorld.Windows", "HelloWorld\HelloWorld.Windows\HelloWorld.Windows.csproj", "{7EB54779-4626-4603-8F5F-E9755A43FE28}"
EndProject
Global
	GlobalSection(SolutionConfigurationPlatforms) = preSolution
		Ad-Hoc|Any CPU = Ad-Hoc|Any CPU
		Ad-Hoc|ARM = Ad-Hoc|ARM
		Ad-Hoc|iPhone = Ad-Hoc|iPhone
		Ad-Hoc|iPhoneSimulator = Ad-Hoc|iPhoneSimulator
		Ad-Hoc|x64 = Ad-Hoc|x64
		Ad-Hoc|x86 = Ad-Hoc|x86
		AppStore|Any CPU = AppStore|Any CPU
		AppStore|ARM = AppStore|ARM
		AppStore|iPhone = AppStore|iPhone
		AppStore|iPhoneSimulator = AppStore|iPhoneSimulator
		AppStore|x64 = AppStore|x64
		AppStore|x86 = AppStore|x86
		Debug|Any CPU = Debug|Any CPU
		Debug|ARM = Debug|ARM
		Debug|iPhone = Debug|iPhone
		Debug|iPhoneSimulator = Debug|iPhoneSimulator
		Debug|x64 = Debug|x64
		Debug|x86 = Debug|x86
		Release|Any CPU = Release|Any CPU
		Release|ARM = Release|ARM
		Release|iPhone = Release|iPhone
		Release|iPhoneSimulator = Release|iPhoneSimulator
		Release|x64 = Release|x64
		Release|x86 = Release|x86
	EndGlobalSection
	GlobalSection(ProjectConfigurationPlatforms) = postSolution
		{63193FC5-D12D-4406-B2EF-07D3DE4C6F2A}.Ad-Hoc|Any CPU.ActiveCfg = Release|Any CPU
		{63193FC5-D12D-4406-B2EF-07D3DE4C6F2A}.Ad-Hoc|Any CPU.Build.0 = Release|Any CPU
		{63193FC5-D12D-4406-B2EF-07D3DE4C6F2A}.Ad-Hoc|ARM.ActiveCfg = Release|Any CPU
		{63193FC5-D12D-4406-B2EF-07D3DE4C6F2A}.Ad-Hoc|ARM.Build.0 = Release|Any CPU
		{63193FC5-D12D-4406-B2EF-07D3DE4C6F2A}.Ad-Hoc|iPhone.ActiveCfg = Release|Any CPU
		{63193FC5-D12D-4406-B2EF-07D3DE4C6F2A}.Ad-Hoc|iPhone.Build.0 = Release|Any CPU
		{63193FC5-D12D-4406-B2EF-07D3DE4C6F2A}.Ad-Hoc|iPhoneSimulator.ActiveCfg = Release|Any CPU
		{63193FC5-D12D-4406-B2EF-07D3DE4C6F2A}.Ad-Hoc|iPhoneSimulator.Build.0 = Release|Any CPU
		{63193FC5-D12D-4406-B2EF-07D3DE4C6F2A}.Ad-Hoc|x64.ActiveCfg = Release|Any CPU
		{63193FC5-D12D-4406-B2EF-07D3DE4C6F2A}.Ad-Hoc|x64.Build.0 = Release|Any CPU
		{63193FC5-D12D-4406-B2EF-07D3DE4C6F2A}.Ad-Hoc|x86.ActiveCfg = Release|Any CPU
		{63193FC5-D12D-4406-B2EF-07D3DE4C6F2A}.Ad-Hoc|x86.Build.0 = Release|Any CPU
		{63193FC5-D12D-4406-B2EF-07D3DE4C6F2A}.AppStore|Any CPU.ActiveCfg = Release|Any CPU
		{63193FC5-D12D-4406-B2EF-07D3DE4C6F2A}.AppStore|Any CPU.Build.0 = Release|Any CPU
		{63193FC5-D12D-4406-B2EF-07D3DE4C6F2A}.AppStore|ARM.ActiveCfg = Release|Any CPU
		{63193FC5-D12D-4406-B2EF-07D3DE4C6F2A}.AppStore|ARM.Build.0 = Release|Any CPU
		{63193FC5-D12D-4406-B2EF-07D3DE4C6F2A}.AppStore|iPhone.ActiveCfg = Release|Any CPU
		{63193FC5-D12D-4406-B2EF-07D3DE4C6F2A}.AppStore|iPhone.Build.0 = Release|Any CPU
		{63193FC5-D12D-4406-B2EF-07D3DE4C6F2A}.AppStore|iPhoneSimulator.ActiveCfg = Release|Any CPU
		{63193FC5-D12D-4406-B2EF-07D3DE4C6F2A}.AppStore|iPhoneSimulator.Build.0 = Release|Any CPU
		{63193FC5-D12D-4406-B2EF-07D3DE4C6F2A}.AppStore|x64.ActiveCfg = Release|Any CPU
		{63193FC5-D12D-4406-B2EF-07D3DE4C6F2A}.AppStore|x64.Build.0 = Release|Any CPU
		{63193FC5-D12D-4406-B2EF-07D3DE4C6F2A}.AppStore|x86.ActiveCfg = Release|Any CPU
		{63193FC5-D12D-4406-B2EF-07D3DE4C6F2A}.AppStore|x86.Build.0 = Release|Any CPU
		{63193FC5-D12D-4406-B2EF-07D3DE4C6F2A}.Debug|Any CPU.ActiveCfg = Debug|Any CPU
		{63193FC5-D12D-4406-B2EF-07D3DE4C6F2A}.Debug|Any CPU.Build.0 = Debug|Any CPU
		{63193FC5-D12D-4406-B2EF-07D3DE4C6F2A}.Debug|ARM.ActiveCfg = Debug|Any CPU
		{63193FC5-D12D-4406-B2EF-07D3DE4C6F2A}.Debug|ARM.Build.0 = Debug|Any CPU
		{63193FC5-D12D-4406-B2EF-07D3DE4C6F2A}.Debug|iPhone.ActiveCfg = Debug|Any CPU
		{63193FC5-D12D-4406-B2EF-07D3DE4C6F2A}.Debug|iPhone.Build.0 = Debug|Any CPU
		{63193FC5-D12D-4406-B2EF-07D3DE4C6F2A}.Debug|iPhoneSimulator.ActiveCfg = Debug|Any CPU
		{63193FC5-D12D-4406-B2EF-07D3DE4C6F2A}.Debug|iPhoneSimulator.Build.0 = Debug|Any CPU
		{63193FC5-D12D-4406-B2EF-07D3DE4C6F2A}.Debug|x64.ActiveCfg = Debug|Any CPU
		{63193FC5-D12D-4406-B2EF-07D3DE4C6F2A}.Debug|x64.Build.0 = Debug|Any CPU
		{63193FC5-D12D-4406-B2EF-07D3DE4C6F2A}.Debug|x86.ActiveCfg = Debug|Any CPU
		{63193FC5-D12D-4406-B2EF-07D3DE4C6F2A}.Debug|x86.Build.0 = Debug|Any CPU
		{63193FC5-D12D-4406-B2EF-07D3DE4C6F2A}.Release|Any CPU.ActiveCfg = Release|Any CPU
		{63193FC5-D12D-4406-B2EF-07D3DE4C6F2A}.Release|Any CPU.Build.0 = Release|Any CPU
		{63193FC5-D12D-4406-B2EF-07D3DE4C6F2A}.Release|ARM.ActiveCfg = Release|Any CPU
		{63193FC5-D12D-4406-B2EF-07D3DE4C6F2A}.Release|ARM.Build.0 = Release|Any CPU
		{63193FC5-D12D-4406-B2EF-07D3DE4C6F2A}.Release|iPhone.ActiveCfg = Release|Any CPU
		{63193FC5-D12D-4406-B2EF-07D3DE4C6F2A}.Release|iPhone.Build.0 = Release|Any CPU
		{63193FC5-D12D-4406-B2EF-07D3DE4C6F2A}.Release|iPhoneSimulator.ActiveCfg = Release|Any CPU
		{63193FC5-D12D-4406-B2EF-07D3DE4C6F2A}.Release|iPhoneSimulator.Build.0 = Release|Any CPU
		{63193FC5-D12D-4406-B2EF-07D3DE4C6F2A}.Release|x64.ActiveCfg = Release|Any CPU
		{63193FC5-D12D-4406-B2EF-07D3DE4C6F2A}.Release|x64.Build.0 = Release|Any CPU
		{63193FC5-D12D-4406-B2EF-07D3DE4C6F2A}.Release|x86.ActiveCfg = Release|Any CPU
		{63193FC5-D12D-4406-B2EF-07D3DE4C6F2A}.Release|x86.Build.0 = Release|Any CPU
		{07264334-6B04-4B4B-B6E5-737535C41F70}.Ad-Hoc|Any CPU.ActiveCfg = Release|Any CPU
		{07264334-6B04-4B4B-B6E5-737535C41F70}.Ad-Hoc|Any CPU.Build.0 = Release|Any CPU
		{07264334-6B04-4B4B-B6E5-737535C41F70}.Ad-Hoc|Any CPU.Deploy.0 = Release|Any CPU
		{07264334-6B04-4B4B-B6E5-737535C41F70}.Ad-Hoc|ARM.ActiveCfg = Release|Any CPU
		{07264334-6B04-4B4B-B6E5-737535C41F70}.Ad-Hoc|ARM.Build.0 = Release|Any CPU
		{07264334-6B04-4B4B-B6E5-737535C41F70}.Ad-Hoc|ARM.Deploy.0 = Release|Any CPU
		{07264334-6B04-4B4B-B6E5-737535C41F70}.Ad-Hoc|iPhone.ActiveCfg = Release|Any CPU
		{07264334-6B04-4B4B-B6E5-737535C41F70}.Ad-Hoc|iPhone.Build.0 = Release|Any CPU
		{07264334-6B04-4B4B-B6E5-737535C41F70}.Ad-Hoc|iPhone.Deploy.0 = Release|Any CPU
		{07264334-6B04-4B4B-B6E5-737535C41F70}.Ad-Hoc|iPhoneSimulator.ActiveCfg = Release|Any CPU
		{07264334-6B04-4B4B-B6E5-737535C41F70}.Ad-Hoc|iPhoneSimulator.Build.0 = Release|Any CPU
		{07264334-6B04-4B4B-B6E5-737535C41F70}.Ad-Hoc|iPhoneSimulator.Deploy.0 = Release|Any CPU
		{07264334-6B04-4B4B-B6E5-737535C41F70}.Ad-Hoc|x64.ActiveCfg = Release|Any CPU
		{07264334-6B04-4B4B-B6E5-737535C41F70}.Ad-Hoc|x64.Build.0 = Release|Any CPU
		{07264334-6B04-4B4B-B6E5-737535C41F70}.Ad-Hoc|x64.Deploy.0 = Release|Any CPU
		{07264334-6B04-4B4B-B6E5-737535C41F70}.Ad-Hoc|x86.ActiveCfg = Release|Any CPU
		{07264334-6B04-4B4B-B6E5-737535C41F70}.Ad-Hoc|x86.Build.0 = Release|Any CPU
		{07264334-6B04-4B4B-B6E5-737535C41F70}.Ad-Hoc|x86.Deploy.0 = Release|Any CPU
		{07264334-6B04-4B4B-B6E5-737535C41F70}.AppStore|Any CPU.ActiveCfg = Release|Any CPU
		{07264334-6B04-4B4B-B6E5-737535C41F70}.AppStore|Any CPU.Build.0 = Release|Any CPU
		{07264334-6B04-4B4B-B6E5-737535C41F70}.AppStore|Any CPU.Deploy.0 = Release|Any CPU
		{07264334-6B04-4B4B-B6E5-737535C41F70}.AppStore|ARM.ActiveCfg = Release|Any CPU
		{07264334-6B04-4B4B-B6E5-737535C41F70}.AppStore|ARM.Build.0 = Release|Any CPU
		{07264334-6B04-4B4B-B6E5-737535C41F70}.AppStore|ARM.Deploy.0 = Release|Any CPU
		{07264334-6B04-4B4B-B6E5-737535C41F70}.AppStore|iPhone.ActiveCfg = Release|Any CPU
		{07264334-6B04-4B4B-B6E5-737535C41F70}.AppStore|iPhone.Build.0 = Release|Any CPU
		{07264334-6B04-4B4B-B6E5-737535C41F70}.AppStore|iPhone.Deploy.0 = Release|Any CPU
		{07264334-6B04-4B4B-B6E5-737535C41F70}.AppStore|iPhoneSimulator.ActiveCfg = Release|Any CPU
		{07264334-6B04-4B4B-B6E5-737535C41F70}.AppStore|iPhoneSimulator.Build.0 = Release|Any CPU
		{07264334-6B04-4B4B-B6E5-737535C41F70}.AppStore|iPhoneSimulator.Deploy.0 = Release|Any CPU
		{07264334-6B04-4B4B-B6E5-737535C41F70}.AppStore|x64.ActiveCfg = Release|Any CPU
		{07264334-6B04-4B4B-B6E5-737535C41F70}.AppStore|x64.Build.0 = Release|Any CPU
		{07264334-6B04-4B4B-B6E5-737535C41F70}.AppStore|x64.Deploy.0 = Release|Any CPU
		{07264334-6B04-4B4B-B6E5-737535C41F70}.AppStore|x86.ActiveCfg = Release|Any CPU
		{07264334-6B04-4B4B-B6E5-737535C41F70}.AppStore|x86.Build.0 = Release|Any CPU
		{07264334-6B04-4B4B-B6E5-737535C41F70}.AppStore|x86.Deploy.0 = Release|Any CPU
		{07264334-6B04-4B4B-B6E5-737535C41F70}.Debug|Any CPU.ActiveCfg = Debug|Any CPU
		{07264334-6B04-4B4B-B6E5-737535C41F70}.Debug|Any CPU.Build.0 = Debug|Any CPU
		{07264334-6B04-4B4B-B6E5-737535C41F70}.Debug|Any CPU.Deploy.0 = Debug|Any CPU
		{07264334-6B04-4B4B-B6E5-737535C41F70}.Debug|ARM.ActiveCfg = Debug|Any CPU
		{07264334-6B04-4B4B-B6E5-737535C41F70}.Debug|ARM.Build.0 = Debug|Any CPU
		{07264334-6B04-4B4B-B6E5-737535C41F70}.Debug|ARM.Deploy.0 = Debug|Any CPU
		{07264334-6B04-4B4B-B6E5-737535C41F70}.Debug|iPhone.ActiveCfg = Debug|Any CPU
		{07264334-6B04-4B4B-B6E5-737535C41F70}.Debug|iPhone.Build.0 = Debug|Any CPU
		{07264334-6B04-4B4B-B6E5-737535C41F70}.Debug|iPhone.Deploy.0 = Debug|Any CPU
		{07264334-6B04-4B4B-B6E5-737535C41F70}.Debug|iPhoneSimulator.ActiveCfg = Debug|Any CPU
		{07264334-6B04-4B4B-B6E5-737535C41F70}.Debug|iPhoneSimulator.Build.0 = Debug|Any CPU
		{07264334-6B04-4B4B-B6E5-737535C41F70}.Debug|iPhoneSimulator.Deploy.0 = Debug|Any CPU
		{07264334-6B04-4B4B-B6E5-737535C41F70}.Debug|x64.ActiveCfg = Debug|Any CPU
		{07264334-6B04-4B4B-B6E5-737535C41F70}.Debug|x64.Build.0 = Debug|Any CPU
		{07264334-6B04-4B4B-B6E5-737535C41F70}.Debug|x64.Deploy.0 = Debug|Any CPU
		{07264334-6B04-4B4B-B6E5-737535C41F70}.Debug|x86.ActiveCfg = Debug|Any CPU
		{07264334-6B04-4B4B-B6E5-737535C41F70}.Debug|x86.Build.0 = Debug|Any CPU
		{07264334-6B04-4B4B-B6E5-737535C41F70}.Debug|x86.Deploy.0 = Debug|Any CPU
		{07264334-6B04-4B4B-B6E5-737535C41F70}.Release|Any CPU.ActiveCfg = Release|Any CPU
		{07264334-6B04-4B4B-B6E5-737535C41F70}.Release|Any CPU.Build.0 = Release|Any CPU
		{07264334-6B04-4B4B-B6E5-737535C41F70}.Release|Any CPU.Deploy.0 = Release|Any CPU
		{07264334-6B04-4B4B-B6E5-737535C41F70}.Release|ARM.ActiveCfg = Release|Any CPU
		{07264334-6B04-4B4B-B6E5-737535C41F70}.Release|ARM.Build.0 = Release|Any CPU
		{07264334-6B04-4B4B-B6E5-737535C41F70}.Release|ARM.Deploy.0 = Release|Any CPU
		{07264334-6B04-4B4B-B6E5-737535C41F70}.Release|iPhone.ActiveCfg = Release|Any CPU
		{07264334-6B04-4B4B-B6E5-737535C41F70}.Release|iPhone.Build.0 = Release|Any CPU
		{07264334-6B04-4B4B-B6E5-737535C41F70}.Release|iPhone.Deploy.0 = Release|Any CPU
		{07264334-6B04-4B4B-B6E5-737535C41F70}.Release|iPhoneSimulator.ActiveCfg = Release|Any CPU
		{07264334-6B04-4B4B-B6E5-737535C41F70}.Release|iPhoneSimulator.Build.0 = Release|Any CPU
		{07264334-6B04-4B4B-B6E5-737535C41F70}.Release|iPhoneSimulator.Deploy.0 = Release|Any CPU
		{07264334-6B04-4B4B-B6E5-737535C41F70}.Release|x64.ActiveCfg = Release|Any CPU
		{07264334-6B04-4B4B-B6E5-737535C41F70}.Release|x64.Build.0 = Release|Any CPU
		{07264334-6B04-4B4B-B6E5-737535C41F70}.Release|x64.Deploy.0 = Release|Any CPU
		{07264334-6B04-4B4B-B6E5-737535C41F70}.Release|x86.ActiveCfg = Release|Any CPU
		{07264334-6B04-4B4B-B6E5-737535C41F70}.Release|x86.Build.0 = Release|Any CPU
		{07264334-6B04-4B4B-B6E5-737535C41F70}.Release|x86.Deploy.0 = Release|Any CPU
		{3D28A759-30D8-49B4-B25B-3F0AAF34552E}.Ad-Hoc|Any CPU.ActiveCfg = Ad-Hoc|iPhone
		{3D28A759-30D8-49B4-B25B-3F0AAF34552E}.Ad-Hoc|ARM.ActiveCfg = Ad-Hoc|iPhone
		{3D28A759-30D8-49B4-B25B-3F0AAF34552E}.Ad-Hoc|iPhone.ActiveCfg = Ad-Hoc|iPhone
		{3D28A759-30D8-49B4-B25B-3F0AAF34552E}.Ad-Hoc|iPhone.Build.0 = Ad-Hoc|iPhone
		{3D28A759-30D8-49B4-B25B-3F0AAF34552E}.Ad-Hoc|iPhoneSimulator.ActiveCfg = Ad-Hoc|iPhoneSimulator
		{3D28A759-30D8-49B4-B25B-3F0AAF34552E}.Ad-Hoc|iPhoneSimulator.Build.0 = Ad-Hoc|iPhoneSimulator
		{3D28A759-30D8-49B4-B25B-3F0AAF34552E}.Ad-Hoc|x64.ActiveCfg = Ad-Hoc|iPhone
		{3D28A759-30D8-49B4-B25B-3F0AAF34552E}.Ad-Hoc|x86.ActiveCfg = Ad-Hoc|iPhone
		{3D28A759-30D8-49B4-B25B-3F0AAF34552E}.AppStore|Any CPU.ActiveCfg = AppStore|iPhone
		{3D28A759-30D8-49B4-B25B-3F0AAF34552E}.AppStore|ARM.ActiveCfg = AppStore|iPhone
		{3D28A759-30D8-49B4-B25B-3F0AAF34552E}.AppStore|iPhone.ActiveCfg = AppStore|iPhone
		{3D28A759-30D8-49B4-B25B-3F0AAF34552E}.AppStore|iPhone.Build.0 = AppStore|iPhone
		{3D28A759-30D8-49B4-B25B-3F0AAF34552E}.AppStore|iPhoneSimulator.ActiveCfg = AppStore|iPhoneSimulator
		{3D28A759-30D8-49B4-B25B-3F0AAF34552E}.AppStore|iPhoneSimulator.Build.0 = AppStore|iPhoneSimulator
		{3D28A759-30D8-49B4-B25B-3F0AAF34552E}.AppStore|x64.ActiveCfg = AppStore|iPhone
		{3D28A759-30D8-49B4-B25B-3F0AAF34552E}.AppStore|x86.ActiveCfg = AppStore|iPhone
		{3D28A759-30D8-49B4-B25B-3F0AAF34552E}.Debug|Any CPU.ActiveCfg = Debug|iPhone
		{3D28A759-30D8-49B4-B25B-3F0AAF34552E}.Debug|ARM.ActiveCfg = Debug|iPhone
		{3D28A759-30D8-49B4-B25B-3F0AAF34552E}.Debug|iPhone.ActiveCfg = Debug|iPhone
		{3D28A759-30D8-49B4-B25B-3F0AAF34552E}.Debug|iPhone.Build.0 = Debug|iPhone
		{3D28A759-30D8-49B4-B25B-3F0AAF34552E}.Debug|iPhoneSimulator.ActiveCfg = Debug|iPhoneSimulator
		{3D28A759-30D8-49B4-B25B-3F0AAF34552E}.Debug|iPhoneSimulator.Build.0 = Debug|iPhoneSimulator
		{3D28A759-30D8-49B4-B25B-3F0AAF34552E}.Debug|x64.ActiveCfg = Debug|iPhone
		{3D28A759-30D8-49B4-B25B-3F0AAF34552E}.Debug|x86.ActiveCfg = Debug|iPhone
		{3D28A759-30D8-49B4-B25B-3F0AAF34552E}.Release|Any CPU.ActiveCfg = Release|iPhone
		{3D28A759-30D8-49B4-B25B-3F0AAF34552E}.Release|ARM.ActiveCfg = Release|iPhone
		{3D28A759-30D8-49B4-B25B-3F0AAF34552E}.Release|iPhone.ActiveCfg = Release|iPhone
		{3D28A759-30D8-49B4-B25B-3F0AAF34552E}.Release|iPhone.Build.0 = Release|iPhone
		{3D28A759-30D8-49B4-B25B-3F0AAF34552E}.Release|iPhoneSimulator.ActiveCfg = Release|iPhoneSimulator
		{3D28A759-30D8-49B4-B25B-3F0AAF34552E}.Release|iPhoneSimulator.Build.0 = Release|iPhoneSimulator
		{3D28A759-30D8-49B4-B25B-3F0AAF34552E}.Release|x64.ActiveCfg = Release|iPhone
		{3D28A759-30D8-49B4-B25B-3F0AAF34552E}.Release|x86.ActiveCfg = Release|iPhone
		{4787741E-3551-47B5-AEDF-0E6F4334882C}.Ad-Hoc|Any CPU.ActiveCfg = Release|Any CPU
		{4787741E-3551-47B5-AEDF-0E6F4334882C}.Ad-Hoc|Any CPU.Build.0 = Release|Any CPU
		{4787741E-3551-47B5-AEDF-0E6F4334882C}.Ad-Hoc|Any CPU.Deploy.0 = Release|Any CPU
		{4787741E-3551-47B5-AEDF-0E6F4334882C}.Ad-Hoc|ARM.ActiveCfg = Release|ARM
		{4787741E-3551-47B5-AEDF-0E6F4334882C}.Ad-Hoc|ARM.Build.0 = Release|ARM
		{4787741E-3551-47B5-AEDF-0E6F4334882C}.Ad-Hoc|ARM.Deploy.0 = Release|ARM
		{4787741E-3551-47B5-AEDF-0E6F4334882C}.Ad-Hoc|iPhone.ActiveCfg = Release|Any CPU
		{4787741E-3551-47B5-AEDF-0E6F4334882C}.Ad-Hoc|iPhone.Build.0 = Release|Any CPU
		{4787741E-3551-47B5-AEDF-0E6F4334882C}.Ad-Hoc|iPhone.Deploy.0 = Release|Any CPU
		{4787741E-3551-47B5-AEDF-0E6F4334882C}.Ad-Hoc|iPhoneSimulator.ActiveCfg = Release|Any CPU
		{4787741E-3551-47B5-AEDF-0E6F4334882C}.Ad-Hoc|iPhoneSimulator.Build.0 = Release|Any CPU
		{4787741E-3551-47B5-AEDF-0E6F4334882C}.Ad-Hoc|iPhoneSimulator.Deploy.0 = Release|Any CPU
		{4787741E-3551-47B5-AEDF-0E6F4334882C}.Ad-Hoc|x64.ActiveCfg = Release|Any CPU
		{4787741E-3551-47B5-AEDF-0E6F4334882C}.Ad-Hoc|x64.Build.0 = Release|Any CPU
		{4787741E-3551-47B5-AEDF-0E6F4334882C}.Ad-Hoc|x64.Deploy.0 = Release|Any CPU
		{4787741E-3551-47B5-AEDF-0E6F4334882C}.Ad-Hoc|x86.ActiveCfg = Release|x86
		{4787741E-3551-47B5-AEDF-0E6F4334882C}.Ad-Hoc|x86.Build.0 = Release|x86
		{4787741E-3551-47B5-AEDF-0E6F4334882C}.Ad-Hoc|x86.Deploy.0 = Release|x86
		{4787741E-3551-47B5-AEDF-0E6F4334882C}.AppStore|Any CPU.ActiveCfg = Release|Any CPU
		{4787741E-3551-47B5-AEDF-0E6F4334882C}.AppStore|Any CPU.Build.0 = Release|Any CPU
		{4787741E-3551-47B5-AEDF-0E6F4334882C}.AppStore|Any CPU.Deploy.0 = Release|Any CPU
		{4787741E-3551-47B5-AEDF-0E6F4334882C}.AppStore|ARM.ActiveCfg = Release|ARM
		{4787741E-3551-47B5-AEDF-0E6F4334882C}.AppStore|ARM.Build.0 = Release|ARM
		{4787741E-3551-47B5-AEDF-0E6F4334882C}.AppStore|ARM.Deploy.0 = Release|ARM
		{4787741E-3551-47B5-AEDF-0E6F4334882C}.AppStore|iPhone.ActiveCfg = Release|Any CPU
		{4787741E-3551-47B5-AEDF-0E6F4334882C}.AppStore|iPhone.Build.0 = Release|Any CPU
		{4787741E-3551-47B5-AEDF-0E6F4334882C}.AppStore|iPhone.Deploy.0 = Release|Any CPU
		{4787741E-3551-47B5-AEDF-0E6F4334882C}.AppStore|iPhoneSimulator.ActiveCfg = Release|Any CPU
		{4787741E-3551-47B5-AEDF-0E6F4334882C}.AppStore|iPhoneSimulator.Build.0 = Release|Any CPU
		{4787741E-3551-47B5-AEDF-0E6F4334882C}.AppStore|iPhoneSimulator.Deploy.0 = Release|Any CPU
		{4787741E-3551-47B5-AEDF-0E6F4334882C}.AppStore|x64.ActiveCfg = Release|Any CPU
		{4787741E-3551-47B5-AEDF-0E6F4334882C}.AppStore|x64.Build.0 = Release|Any CPU
		{4787741E-3551-47B5-AEDF-0E6F4334882C}.AppStore|x64.Deploy.0 = Release|Any CPU
		{4787741E-3551-47B5-AEDF-0E6F4334882C}.AppStore|x86.ActiveCfg = Release|x86
		{4787741E-3551-47B5-AEDF-0E6F4334882C}.AppStore|x86.Build.0 = Release|x86
		{4787741E-3551-47B5-AEDF-0E6F4334882C}.AppStore|x86.Deploy.0 = Release|x86
		{4787741E-3551-47B5-AEDF-0E6F4334882C}.Debug|Any CPU.ActiveCfg = Debug|Any CPU
		{4787741E-3551-47B5-AEDF-0E6F4334882C}.Debug|Any CPU.Build.0 = Debug|Any CPU
		{4787741E-3551-47B5-AEDF-0E6F4334882C}.Debug|Any CPU.Deploy.0 = Debug|Any CPU
		{4787741E-3551-47B5-AEDF-0E6F4334882C}.Debug|ARM.ActiveCfg = Debug|ARM
		{4787741E-3551-47B5-AEDF-0E6F4334882C}.Debug|ARM.Build.0 = Debug|ARM
		{4787741E-3551-47B5-AEDF-0E6F4334882C}.Debug|ARM.Deploy.0 = Debug|ARM
		{4787741E-3551-47B5-AEDF-0E6F4334882C}.Debug|iPhone.ActiveCfg = Debug|Any CPU
		{4787741E-3551-47B5-AEDF-0E6F4334882C}.Debug|iPhone.Build.0 = Debug|Any CPU
		{4787741E-3551-47B5-AEDF-0E6F4334882C}.Debug|iPhone.Deploy.0 = Debug|Any CPU
		{4787741E-3551-47B5-AEDF-0E6F4334882C}.Debug|iPhoneSimulator.ActiveCfg = Debug|Any CPU
		{4787741E-3551-47B5-AEDF-0E6F4334882C}.Debug|iPhoneSimulator.Build.0 = Debug|Any CPU
		{4787741E-3551-47B5-AEDF-0E6F4334882C}.Debug|iPhoneSimulator.Deploy.0 = Debug|Any CPU
		{4787741E-3551-47B5-AEDF-0E6F4334882C}.Debug|x64.ActiveCfg = Debug|Any CPU
		{4787741E-3551-47B5-AEDF-0E6F4334882C}.Debug|x64.Build.0 = Debug|Any CPU
		{4787741E-3551-47B5-AEDF-0E6F4334882C}.Debug|x64.Deploy.0 = Debug|Any CPU
		{4787741E-3551-47B5-AEDF-0E6F4334882C}.Debug|x86.ActiveCfg = Debug|x86
		{4787741E-3551-47B5-AEDF-0E6F4334882C}.Debug|x86.Build.0 = Debug|x86
		{4787741E-3551-47B5-AEDF-0E6F4334882C}.Debug|x86.Deploy.0 = Debug|x86
		{4787741E-3551-47B5-AEDF-0E6F4334882C}.Release|Any CPU.ActiveCfg = Release|Any CPU
		{4787741E-3551-47B5-AEDF-0E6F4334882C}.Release|Any CPU.Build.0 = Release|Any CPU
		{4787741E-3551-47B5-AEDF-0E6F4334882C}.Release|Any CPU.Deploy.0 = Release|Any CPU
		{4787741E-3551-47B5-AEDF-0E6F4334882C}.Release|ARM.ActiveCfg = Release|ARM
		{4787741E-3551-47B5-AEDF-0E6F4334882C}.Release|ARM.Build.0 = Release|ARM
		{4787741E-3551-47B5-AEDF-0E6F4334882C}.Release|ARM.Deploy.0 = Release|ARM
		{4787741E-3551-47B5-AEDF-0E6F4334882C}.Release|iPhone.ActiveCfg = Release|Any CPU
		{4787741E-3551-47B5-AEDF-0E6F4334882C}.Release|iPhone.Build.0 = Release|Any CPU
		{4787741E-3551-47B5-AEDF-0E6F4334882C}.Release|iPhone.Deploy.0 = Release|Any CPU
		{4787741E-3551-47B5-AEDF-0E6F4334882C}.Release|iPhoneSimulator.ActiveCfg = Release|Any CPU
		{4787741E-3551-47B5-AEDF-0E6F4334882C}.Release|iPhoneSimulator.Build.0 = Release|Any CPU
		{4787741E-3551-47B5-AEDF-0E6F4334882C}.Release|iPhoneSimulator.Deploy.0 = Release|Any CPU
		{4787741E-3551-47B5-AEDF-0E6F4334882C}.Release|x64.ActiveCfg = Release|Any CPU
		{4787741E-3551-47B5-AEDF-0E6F4334882C}.Release|x64.Build.0 = Release|Any CPU
		{4787741E-3551-47B5-AEDF-0E6F4334882C}.Release|x64.Deploy.0 = Release|Any CPU
		{4787741E-3551-47B5-AEDF-0E6F4334882C}.Release|x86.ActiveCfg = Release|x86
		{4787741E-3551-47B5-AEDF-0E6F4334882C}.Release|x86.Build.0 = Release|x86
		{4787741E-3551-47B5-AEDF-0E6F4334882C}.Release|x86.Deploy.0 = Release|x86
		{7EB54779-4626-4603-8F5F-E9755A43FE28}.Ad-Hoc|Any CPU.ActiveCfg = Release|Any CPU
		{7EB54779-4626-4603-8F5F-E9755A43FE28}.Ad-Hoc|Any CPU.Build.0 = Release|Any CPU
		{7EB54779-4626-4603-8F5F-E9755A43FE28}.Ad-Hoc|Any CPU.Deploy.0 = Release|Any CPU
		{7EB54779-4626-4603-8F5F-E9755A43FE28}.Ad-Hoc|ARM.ActiveCfg = Release|ARM
		{7EB54779-4626-4603-8F5F-E9755A43FE28}.Ad-Hoc|ARM.Build.0 = Release|ARM
		{7EB54779-4626-4603-8F5F-E9755A43FE28}.Ad-Hoc|ARM.Deploy.0 = Release|ARM
		{7EB54779-4626-4603-8F5F-E9755A43FE28}.Ad-Hoc|iPhone.ActiveCfg = Release|Any CPU
		{7EB54779-4626-4603-8F5F-E9755A43FE28}.Ad-Hoc|iPhone.Build.0 = Release|Any CPU
		{7EB54779-4626-4603-8F5F-E9755A43FE28}.Ad-Hoc|iPhone.Deploy.0 = Release|Any CPU
		{7EB54779-4626-4603-8F5F-E9755A43FE28}.Ad-Hoc|iPhoneSimulator.ActiveCfg = Release|Any CPU
		{7EB54779-4626-4603-8F5F-E9755A43FE28}.Ad-Hoc|iPhoneSimulator.Build.0 = Release|Any CPU
		{7EB54779-4626-4603-8F5F-E9755A43FE28}.Ad-Hoc|iPhoneSimulator.Deploy.0 = Release|Any CPU
		{7EB54779-4626-4603-8F5F-E9755A43FE28}.Ad-Hoc|x64.ActiveCfg = Release|x64
		{7EB54779-4626-4603-8F5F-E9755A43FE28}.Ad-Hoc|x64.Build.0 = Release|x64
		{7EB54779-4626-4603-8F5F-E9755A43FE28}.Ad-Hoc|x64.Deploy.0 = Release|x64
		{7EB54779-4626-4603-8F5F-E9755A43FE28}.Ad-Hoc|x86.ActiveCfg = Release|x86
		{7EB54779-4626-4603-8F5F-E9755A43FE28}.Ad-Hoc|x86.Build.0 = Release|x86
		{7EB54779-4626-4603-8F5F-E9755A43FE28}.Ad-Hoc|x86.Deploy.0 = Release|x86
		{7EB54779-4626-4603-8F5F-E9755A43FE28}.AppStore|Any CPU.ActiveCfg = Release|Any CPU
		{7EB54779-4626-4603-8F5F-E9755A43FE28}.AppStore|Any CPU.Build.0 = Release|Any CPU
		{7EB54779-4626-4603-8F5F-E9755A43FE28}.AppStore|Any CPU.Deploy.0 = Release|Any CPU
		{7EB54779-4626-4603-8F5F-E9755A43FE28}.AppStore|ARM.ActiveCfg = Release|ARM
		{7EB54779-4626-4603-8F5F-E9755A43FE28}.AppStore|ARM.Build.0 = Release|ARM
		{7EB54779-4626-4603-8F5F-E9755A43FE28}.AppStore|ARM.Deploy.0 = Release|ARM
		{7EB54779-4626-4603-8F5F-E9755A43FE28}.AppStore|iPhone.ActiveCfg = Release|Any CPU
		{7EB54779-4626-4603-8F5F-E9755A43FE28}.AppStore|iPhone.Build.0 = Release|Any CPU
		{7EB54779-4626-4603-8F5F-E9755A43FE28}.AppStore|iPhone.Deploy.0 = Release|Any CPU
		{7EB54779-4626-4603-8F5F-E9755A43FE28}.AppStore|iPhoneSimulator.ActiveCfg = Release|Any CPU
		{7EB54779-4626-4603-8F5F-E9755A43FE28}.AppStore|iPhoneSimulator.Build.0 = Release|Any CPU
		{7EB54779-4626-4603-8F5F-E9755A43FE28}.AppStore|iPhoneSimulator.Deploy.0 = Release|Any CPU
		{7EB54779-4626-4603-8F5F-E9755A43FE28}.AppStore|x64.ActiveCfg = Release|x64
		{7EB54779-4626-4603-8F5F-E9755A43FE28}.AppStore|x64.Build.0 = Release|x64
		{7EB54779-4626-4603-8F5F-E9755A43FE28}.AppStore|x64.Deploy.0 = Release|x64
		{7EB54779-4626-4603-8F5F-E9755A43FE28}.AppStore|x86.ActiveCfg = Release|x86
		{7EB54779-4626-4603-8F5F-E9755A43FE28}.AppStore|x86.Build.0 = Release|x86
		{7EB54779-4626-4603-8F5F-E9755A43FE28}.AppStore|x86.Deploy.0 = Release|x86
		{7EB54779-4626-4603-8F5F-E9755A43FE28}.Debug|Any CPU.ActiveCfg = Debug|Any CPU
		{7EB54779-4626-4603-8F5F-E9755A43FE28}.Debug|Any CPU.Build.0 = Debug|Any CPU
		{7EB54779-4626-4603-8F5F-E9755A43FE28}.Debug|Any CPU.Deploy.0 = Debug|Any CPU
		{7EB54779-4626-4603-8F5F-E9755A43FE28}.Debug|ARM.ActiveCfg = Debug|ARM
		{7EB54779-4626-4603-8F5F-E9755A43FE28}.Debug|ARM.Build.0 = Debug|ARM
		{7EB54779-4626-4603-8F5F-E9755A43FE28}.Debug|ARM.Deploy.0 = Debug|ARM
		{7EB54779-4626-4603-8F5F-E9755A43FE28}.Debug|iPhone.ActiveCfg = Debug|Any CPU
		{7EB54779-4626-4603-8F5F-E9755A43FE28}.Debug|iPhone.Build.0 = Debug|Any CPU
		{7EB54779-4626-4603-8F5F-E9755A43FE28}.Debug|iPhone.Deploy.0 = Debug|Any CPU
		{7EB54779-4626-4603-8F5F-E9755A43FE28}.Debug|iPhoneSimulator.ActiveCfg = Debug|Any CPU
		{7EB54779-4626-4603-8F5F-E9755A43FE28}.Debug|iPhoneSimulator.Build.0 = Debug|Any CPU
		{7EB54779-4626-4603-8F5F-E9755A43FE28}.Debug|iPhoneSimulator.Deploy.0 = Debug|Any CPU
		{7EB54779-4626-4603-8F5F-E9755A43FE28}.Debug|x64.ActiveCfg = Debug|x64
		{7EB54779-4626-4603-8F5F-E9755A43FE28}.Debug|x64.Build.0 = Debug|x64
		{7EB54779-4626-4603-8F5F-E9755A43FE28}.Debug|x64.Deploy.0 = Debug|x64
		{7EB54779-4626-4603-8F5F-E9755A43FE28}.Debug|x86.ActiveCfg = Debug|x86
		{7EB54779-4626-4603-8F5F-E9755A43FE28}.Debug|x86.Build.0 = Debug|x86
		{7EB54779-4626-4603-8F5F-E9755A43FE28}.Debug|x86.Deploy.0 = Debug|x86
		{7EB54779-4626-4603-8F5F-E9755A43FE28}.Release|Any CPU.ActiveCfg = Release|Any CPU
		{7EB54779-4626-4603-8F5F-E9755A43FE28}.Release|Any CPU.Build.0 = Release|Any CPU
		{7EB54779-4626-4603-8F5F-E9755A43FE28}.Release|Any CPU.Deploy.0 = Release|Any CPU
		{7EB54779-4626-4603-8F5F-E9755A43FE28}.Release|ARM.ActiveCfg = Release|ARM
		{7EB54779-4626-4603-8F5F-E9755A43FE28}.Release|ARM.Build.0 = Release|ARM
		{7EB54779-4626-4603-8F5F-E9755A43FE28}.Release|ARM.Deploy.0 = Release|ARM
		{7EB54779-4626-4603-8F5F-E9755A43FE28}.Release|iPhone.ActiveCfg = Release|Any CPU
		{7EB54779-4626-4603-8F5F-E9755A43FE28}.Release|iPhone.Build.0 = Release|Any CPU
		{7EB54779-4626-4603-8F5F-E9755A43FE28}.Release|iPhone.Deploy.0 = Release|Any CPU
		{7EB54779-4626-4603-8F5F-E9755A43FE28}.Release|iPhoneSimulator.ActiveCfg = Release|Any CPU
		{7EB54779-4626-4603-8F5F-E9755A43FE28}.Release|iPhoneSimulator.Build.0 = Release|Any CPU
		{7EB54779-4626-4603-8F5F-E9755A43FE28}.Release|iPhoneSimulator.Deploy.0 = Release|Any CPU
		{7EB54779-4626-4603-8F5F-E9755A43FE28}.Release|x64.ActiveCfg = Release|x64
		{7EB54779-4626-4603-8F5F-E9755A43FE28}.Release|x64.Build.0 = Release|x64
		{7EB54779-4626-4603-8F5F-E9755A43FE28}.Release|x64.Deploy.0 = Release|x64
		{7EB54779-4626-4603-8F5F-E9755A43FE28}.Release|x86.ActiveCfg = Release|x86
		{7EB54779-4626-4603-8F5F-E9755A43FE28}.Release|x86.Build.0 = Release|x86
		{7EB54779-4626-4603-8F5F-E9755A43FE28}.Release|x86.Deploy.0 = Release|x86
	EndGlobalSection
	GlobalSection(SolutionProperties) = preSolution
		HideSolutionNode = FALSE
	EndGlobalSection
EndGlobal
